
Microsoft Visual Studio Solution File, Format Version 12.00
# Visual Studio Version 16
VisualStudioVersion = 16.0.31129.286
MinimumVisualStudioVersion = 10.0.40219.1
Project("{FAE04EC0-301F-11D3-BF4B-00C04F79EFBC}") = "Lab4", "Lab4.csproj", "{FEADBAD2-CE69-42A3-BA9A-F5045362A252}"
EndProject
Project("{FAE04EC0-301F-11D3-BF4B-00C04F79EFBC}") = "Test", "..\Test\Test.csproj", "{1D27669E-AAF0-4FD0-83BF-CDBFCAF82C49}"
EndProject
Global
	GlobalSection(SolutionConfigurationPlatforms) = preSolution
		Debug|Any CPU = Debug|Any CPU
		Release|Any CPU = Release|Any CPU
	EndGlobalSection
	GlobalSection(ProjectConfigurationPlatforms) = postSolution
		{FEADBAD2-CE69-42A3-BA9A-F5045362A252}.Debug|Any CPU.ActiveCfg = Debug|Any CPU
		{FEADBAD2-CE69-42A3-BA9A-F5045362A252}.Debug|Any CPU.Build.0 = Debug|Any CPU
		{FEADBAD2-CE69-42A3-BA9A-F5045362A252}.Release|Any CPU.ActiveCfg = Release|Any CPU
		{FEADBAD2-CE69-42A3-BA9A-F5045362A252}.Release|Any CPU.Build.0 = Release|Any CPU
		{1D27669E-AAF0-4FD0-83BF-CDBFCAF82C49}.Debug|Any CPU.ActiveCfg = Debug|Any CPU
		{1D27669E-AAF0-4FD0-83BF-CDBFCAF82C49}.Debug|Any CPU.Build.0 = Debug|Any CPU
		{1D27669E-AAF0-4FD0-83BF-CDBFCAF82C49}.Release|Any CPU.ActiveCfg = Release|Any CPU
		{1D27669E-AAF0-4FD0-83BF-CDBFCAF82C49}.Release|Any CPU.Build.0 = Release|Any CPU
	EndGlobalSection
	GlobalSection(SolutionProperties) = preSolution
		HideSolutionNode = FALSE
	EndGlobalSection
	GlobalSection(ExtensibilityGlobals) = postSolution
		SolutionGuid = {812AF379-5BCF-4E8B-8CC3-DF51B07C9133}
	EndGlobalSection
EndGlobal
